// !$*UTF8*$!
{
	archiveVersion = 1;
	classes = {
	};
	objectVersion = 56;
	objects = {

/* Begin PBXBuildFile section */
		3D1A360B29055D2800C1EC96 /* MenuViewController.swift in Sources */ = {isa = PBXBuildFile; fileRef = 3D1A360A29055D2800C1EC96 /* MenuViewController.swift */; };
		3D1A360D29055D4100C1EC96 /* MenuRouter.swift in Sources */ = {isa = PBXBuildFile; fileRef = 3D1A360C29055D4100C1EC96 /* MenuRouter.swift */; };
		3D1A360F29055D4B00C1EC96 /* MenuEntity.swift in Sources */ = {isa = PBXBuildFile; fileRef = 3D1A360E29055D4B00C1EC96 /* MenuEntity.swift */; };
		3D1A361229055D7200C1EC96 /* MenuProtocols.swift in Sources */ = {isa = PBXBuildFile; fileRef = 3D1A361129055D7200C1EC96 /* MenuProtocols.swift */; };
		3D1A361429055D8300C1EC96 /* MenuPresenter.swift in Sources */ = {isa = PBXBuildFile; fileRef = 3D1A361329055D8300C1EC96 /* MenuPresenter.swift */; };
		3D1A361629055D9000C1EC96 /* MenuInteractor.swift in Sources */ = {isa = PBXBuildFile; fileRef = 3D1A361529055D9000C1EC96 /* MenuInteractor.swift */; };
		3D1A3618290564B100C1EC96 /* MenuView.swift in Sources */ = {isa = PBXBuildFile; fileRef = 3D1A3617290564B100C1EC96 /* MenuView.swift */; };
		3D1A361B29057C6800C1EC96 /* MenuCollectionViewCell.swift in Sources */ = {isa = PBXBuildFile; fileRef = 3D1A361929057C6800C1EC96 /* MenuCollectionViewCell.swift */; };
		3D1A361C29057C6800C1EC96 /* MenuCollectionViewCell.xib in Resources */ = {isa = PBXBuildFile; fileRef = 3D1A361A29057C6800C1EC96 /* MenuCollectionViewCell.xib */; };
		3D3BBE162906AD1700EEECB4 /* FoodView.swift in Sources */ = {isa = PBXBuildFile; fileRef = 3D3BBE152906AD1700EEECB4 /* FoodView.swift */; };
		3D3BBE182906AD2C00EEECB4 /* FoodViewController.swift in Sources */ = {isa = PBXBuildFile; fileRef = 3D3BBE172906AD2C00EEECB4 /* FoodViewController.swift */; };
		3D3BBE1A2906AD4A00EEECB4 /* FoodProtocols.swift in Sources */ = {isa = PBXBuildFile; fileRef = 3D3BBE192906AD4A00EEECB4 /* FoodProtocols.swift */; };
		3D3BBE1C2906AD5400EEECB4 /* FoodRouter.swift in Sources */ = {isa = PBXBuildFile; fileRef = 3D3BBE1B2906AD5400EEECB4 /* FoodRouter.swift */; };
		3D3BBE1E2906AD5F00EEECB4 /* FoodInteractor.swift in Sources */ = {isa = PBXBuildFile; fileRef = 3D3BBE1D2906AD5F00EEECB4 /* FoodInteractor.swift */; };
		3D3BBE202906AD6B00EEECB4 /* FoodEntity.swift in Sources */ = {isa = PBXBuildFile; fileRef = 3D3BBE1F2906AD6B00EEECB4 /* FoodEntity.swift */; };
		3D3BBE232906AD7E00EEECB4 /* FoodPresenter.swift in Sources */ = {isa = PBXBuildFile; fileRef = 3D3BBE222906AD7E00EEECB4 /* FoodPresenter.swift */; };
		3D8BB23D2906DFF00069905B /* EntityButton.xib 17-55-01-003.xib in Resources */ = {isa = PBXBuildFile; fileRef = 3D8BB23C2906DFF00069905B /* EntityButton.xib 17-55-01-003.xib */; };
		3DA5B4C92901657E00F562AA /* AuthProtocols.swift in Sources */ = {isa = PBXBuildFile; fileRef = 3DA5B4C82901657E00F562AA /* AuthProtocols.swift */; };
		3DA5B4CD290165A800F562AA /* AuthModel.swift in Sources */ = {isa = PBXBuildFile; fileRef = 3DA5B4CC290165A800F562AA /* AuthModel.swift */; };
		3DA5B4CF290165B300F562AA /* AuthRouter.swift in Sources */ = {isa = PBXBuildFile; fileRef = 3DA5B4CE290165B300F562AA /* AuthRouter.swift */; };
		3DA5B4D1290165C000F562AA /* AuthInteractor.swift in Sources */ = {isa = PBXBuildFile; fileRef = 3DA5B4D0290165C000F562AA /* AuthInteractor.swift */; };
		3DA5B4D3290165D500F562AA /* AuthPresenter.swift in Sources */ = {isa = PBXBuildFile; fileRef = 3DA5B4D2290165D500F562AA /* AuthPresenter.swift */; };
		3DA5B4D62901667000F562AA /* SnapKit in Frameworks */ = {isa = PBXBuildFile; productRef = 3DA5B4D52901667000F562AA /* SnapKit */; };
		3DA5B4DA2901825D00F562AA /* AuthView.swift in Sources */ = {isa = PBXBuildFile; fileRef = 3DA5B4D92901825D00F562AA /* AuthView.swift */; };
		3DA5B4DE2901996F00F562AA /* Pacifico-Regular.ttf in Resources */ = {isa = PBXBuildFile; fileRef = 3DA5B4DD2901996F00F562AA /* Pacifico-Regular.ttf */; };
		3DA5B4E329019D6C00F562AA /* Mukta-Medium.ttf in Resources */ = {isa = PBXBuildFile; fileRef = 3DA5B4E229019D6C00F562AA /* Mukta-Medium.ttf */; };
		3DE719C52902B6BF00D1A2AE /* GoogleSignIn in Frameworks */ = {isa = PBXBuildFile; productRef = 3DE719C42902B6BF00D1A2AE /* GoogleSignIn */; };
		3DF21621290420700097EBB0 /* FirebaseAnalytics in Frameworks */ = {isa = PBXBuildFile; productRef = 3DF21620290420700097EBB0 /* FirebaseAnalytics */; };
		3DF21623290420700097EBB0 /* FirebaseAuth in Frameworks */ = {isa = PBXBuildFile; productRef = 3DF21622290420700097EBB0 /* FirebaseAuth */; };
		3DF21625290420700097EBB0 /* FirebaseFirestore in Frameworks */ = {isa = PBXBuildFile; productRef = 3DF21624290420700097EBB0 /* FirebaseFirestore */; };
		3DF21627290420700097EBB0 /* FirebaseStorage in Frameworks */ = {isa = PBXBuildFile; productRef = 3DF21626290420700097EBB0 /* FirebaseStorage */; };
		3DF21629290431100097EBB0 /* GoogleService-Info.plist in Resources */ = {isa = PBXBuildFile; fileRef = 3DF216282904310E0097EBB0 /* GoogleService-Info.plist */; };
		3DF2C00B2905BF3500D6ACF1 /* Alamofire in Frameworks */ = {isa = PBXBuildFile; productRef = 3DF2C00A2905BF3500D6ACF1 /* Alamofire */; };
		3DF2C00E2905C91E00D6ACF1 /* Kingfisher in Frameworks */ = {isa = PBXBuildFile; productRef = 3DF2C00D2905C91E00D6ACF1 /* Kingfisher */; };
		3DF40F4A2901620600E4B9D8 /* AppDelegate.swift in Sources */ = {isa = PBXBuildFile; fileRef = 3DF40F492901620600E4B9D8 /* AppDelegate.swift */; };
		3DF40F4E2901620600E4B9D8 /* AuthViewController.swift in Sources */ = {isa = PBXBuildFile; fileRef = 3DF40F4D2901620600E4B9D8 /* AuthViewController.swift */; };
		3DF40F532901620700E4B9D8 /* Assets.xcassets in Resources */ = {isa = PBXBuildFile; fileRef = 3DF40F522901620700E4B9D8 /* Assets.xcassets */; };
		3DF40F562901620700E4B9D8 /* LaunchScreen.storyboard in Resources */ = {isa = PBXBuildFile; fileRef = 3DF40F542901620700E4B9D8 /* LaunchScreen.storyboard */; };
/* End PBXBuildFile section */

/* Begin PBXFileReference section */
		3D1A360A29055D2800C1EC96 /* MenuViewController.swift */ = {isa = PBXFileReference; lastKnownFileType = sourcecode.swift; path = MenuViewController.swift; sourceTree = "<group>"; };
		3D1A360C29055D4100C1EC96 /* MenuRouter.swift */ = {isa = PBXFileReference; lastKnownFileType = sourcecode.swift; path = MenuRouter.swift; sourceTree = "<group>"; };
		3D1A360E29055D4B00C1EC96 /* MenuEntity.swift */ = {isa = PBXFileReference; lastKnownFileType = sourcecode.swift; path = MenuEntity.swift; sourceTree = "<group>"; };
		3D1A361129055D7200C1EC96 /* MenuProtocols.swift */ = {isa = PBXFileReference; lastKnownFileType = sourcecode.swift; path = MenuProtocols.swift; sourceTree = "<group>"; };
		3D1A361329055D8300C1EC96 /* MenuPresenter.swift */ = {isa = PBXFileReference; lastKnownFileType = sourcecode.swift; path = MenuPresenter.swift; sourceTree = "<group>"; };
		3D1A361529055D9000C1EC96 /* MenuInteractor.swift */ = {isa = PBXFileReference; lastKnownFileType = sourcecode.swift; path = MenuInteractor.swift; sourceTree = "<group>"; };
		3D1A3617290564B100C1EC96 /* MenuView.swift */ = {isa = PBXFileReference; lastKnownFileType = sourcecode.swift; path = MenuView.swift; sourceTree = "<group>"; };
		3D1A361929057C6800C1EC96 /* MenuCollectionViewCell.swift */ = {isa = PBXFileReference; lastKnownFileType = sourcecode.swift; path = MenuCollectionViewCell.swift; sourceTree = "<group>"; };
		3D1A361A29057C6800C1EC96 /* MenuCollectionViewCell.xib */ = {isa = PBXFileReference; lastKnownFileType = file.xib; path = MenuCollectionViewCell.xib; sourceTree = "<group>"; };
		3D3BBE152906AD1700EEECB4 /* FoodView.swift */ = {isa = PBXFileReference; lastKnownFileType = sourcecode.swift; path = FoodView.swift; sourceTree = "<group>"; };
		3D3BBE172906AD2C00EEECB4 /* FoodViewController.swift */ = {isa = PBXFileReference; lastKnownFileType = sourcecode.swift; path = FoodViewController.swift; sourceTree = "<group>"; };
		3D3BBE192906AD4A00EEECB4 /* FoodProtocols.swift */ = {isa = PBXFileReference; lastKnownFileType = sourcecode.swift; path = FoodProtocols.swift; sourceTree = "<group>"; };
		3D3BBE1B2906AD5400EEECB4 /* FoodRouter.swift */ = {isa = PBXFileReference; lastKnownFileType = sourcecode.swift; path = FoodRouter.swift; sourceTree = "<group>"; };
		3D3BBE1D2906AD5F00EEECB4 /* FoodInteractor.swift */ = {isa = PBXFileReference; lastKnownFileType = sourcecode.swift; path = FoodInteractor.swift; sourceTree = "<group>"; };
		3D3BBE1F2906AD6B00EEECB4 /* FoodEntity.swift */ = {isa = PBXFileReference; lastKnownFileType = sourcecode.swift; path = FoodEntity.swift; sourceTree = "<group>"; };
		3D3BBE222906AD7E00EEECB4 /* FoodPresenter.swift */ = {isa = PBXFileReference; lastKnownFileType = sourcecode.swift; path = FoodPresenter.swift; sourceTree = "<group>"; };
		3D8BB23C2906DFF00069905B /* EntityButton.xib 17-55-01-003.xib */ = {isa = PBXFileReference; fileEncoding = 4; lastKnownFileType = file.xib; path = "EntityButton.xib 17-55-01-003.xib"; sourceTree = "<group>"; };
		3DA5B4C82901657E00F562AA /* AuthProtocols.swift */ = {isa = PBXFileReference; lastKnownFileType = sourcecode.swift; path = AuthProtocols.swift; sourceTree = "<group>"; };
		3DA5B4CC290165A800F562AA /* AuthModel.swift */ = {isa = PBXFileReference; lastKnownFileType = sourcecode.swift; path = AuthModel.swift; sourceTree = "<group>"; };
		3DA5B4CE290165B300F562AA /* AuthRouter.swift */ = {isa = PBXFileReference; lastKnownFileType = sourcecode.swift; path = AuthRouter.swift; sourceTree = "<group>"; };
		3DA5B4D0290165C000F562AA /* AuthInteractor.swift */ = {isa = PBXFileReference; lastKnownFileType = sourcecode.swift; path = AuthInteractor.swift; sourceTree = "<group>"; };
		3DA5B4D2290165D500F562AA /* AuthPresenter.swift */ = {isa = PBXFileReference; lastKnownFileType = sourcecode.swift; path = AuthPresenter.swift; sourceTree = "<group>"; };
		3DA5B4D92901825D00F562AA /* AuthView.swift */ = {isa = PBXFileReference; lastKnownFileType = sourcecode.swift; path = AuthView.swift; sourceTree = "<group>"; };
		3DA5B4DD2901996F00F562AA /* Pacifico-Regular.ttf */ = {isa = PBXFileReference; lastKnownFileType = file; path = "Pacifico-Regular.ttf"; sourceTree = "<group>"; };
		3DA5B4E229019D6C00F562AA /* Mukta-Medium.ttf */ = {isa = PBXFileReference; lastKnownFileType = file; path = "Mukta-Medium.ttf"; sourceTree = "<group>"; };
		3DF216282904310E0097EBB0 /* GoogleService-Info.plist */ = {isa = PBXFileReference; fileEncoding = 4; lastKnownFileType = text.plist.xml; path = "GoogleService-Info.plist"; sourceTree = "<group>"; };
		3DF40F462901620600E4B9D8 /* Boca.app */ = {isa = PBXFileReference; explicitFileType = wrapper.application; includeInIndex = 0; path = Boca.app; sourceTree = BUILT_PRODUCTS_DIR; };
		3DF40F492901620600E4B9D8 /* AppDelegate.swift */ = {isa = PBXFileReference; lastKnownFileType = sourcecode.swift; path = AppDelegate.swift; sourceTree = "<group>"; };
		3DF40F4D2901620600E4B9D8 /* AuthViewController.swift */ = {isa = PBXFileReference; lastKnownFileType = sourcecode.swift; path = AuthViewController.swift; sourceTree = "<group>"; };
		3DF40F522901620700E4B9D8 /* Assets.xcassets */ = {isa = PBXFileReference; lastKnownFileType = folder.assetcatalog; path = Assets.xcassets; sourceTree = "<group>"; };
		3DF40F552901620700E4B9D8 /* Base */ = {isa = PBXFileReference; lastKnownFileType = file.storyboard; name = Base; path = Base.lproj/LaunchScreen.storyboard; sourceTree = "<group>"; };
		3DF40F572901620700E4B9D8 /* Info.plist */ = {isa = PBXFileReference; lastKnownFileType = text.plist.xml; path = Info.plist; sourceTree = "<group>"; };
/* End PBXFileReference section */

/* Begin PBXFrameworksBuildPhase section */
		3DF40F432901620600E4B9D8 /* Frameworks */ = {
			isa = PBXFrameworksBuildPhase;
			buildActionMask = 2147483647;
			files = (
				3DA5B4D62901667000F562AA /* SnapKit in Frameworks */,
				3DF2C00B2905BF3500D6ACF1 /* Alamofire in Frameworks */,
				3DE719C52902B6BF00D1A2AE /* GoogleSignIn in Frameworks */,
				3DF21621290420700097EBB0 /* FirebaseAnalytics in Frameworks */,
				3DF2C00E2905C91E00D6ACF1 /* Kingfisher in Frameworks */,
				3DF21625290420700097EBB0 /* FirebaseFirestore in Frameworks */,
				3DF21623290420700097EBB0 /* FirebaseAuth in Frameworks */,
				3DF21627290420700097EBB0 /* FirebaseStorage in Frameworks */,
			);
			runOnlyForDeploymentPostprocessing = 0;
		};
/* End PBXFrameworksBuildPhase section */

/* Begin PBXGroup section */
		3D1A360329055C7F00C1EC96 /* Menu */ = {
			isa = PBXGroup;
			children = (
				3D1A360629055CDF00C1EC96 /* MenuProtocols */,
				3D1A360729055CE900C1EC96 /* MenuEntity */,
				3D1A360829055CFE00C1EC96 /* MenuRouter */,
				3D1A360429055CCC00C1EC96 /* MenuInteractor */,
				3D1A360529055CD700C1EC96 /* MenuPresenter */,
				3D1A360929055D0400C1EC96 /* MenuView */,
			);
			path = Menu;
			sourceTree = "<group>";
		};
		3D1A360429055CCC00C1EC96 /* MenuInteractor */ = {
			isa = PBXGroup;
			children = (
				3D1A361529055D9000C1EC96 /* MenuInteractor.swift */,
			);
			path = MenuInteractor;
			sourceTree = "<group>";
		};
		3D1A360529055CD700C1EC96 /* MenuPresenter */ = {
			isa = PBXGroup;
			children = (
				3D1A361329055D8300C1EC96 /* MenuPresenter.swift */,
			);
			path = MenuPresenter;
			sourceTree = "<group>";
		};
		3D1A360629055CDF00C1EC96 /* MenuProtocols */ = {
			isa = PBXGroup;
			children = (
				3D1A361129055D7200C1EC96 /* MenuProtocols.swift */,
			);
			path = MenuProtocols;
			sourceTree = "<group>";
		};
		3D1A360729055CE900C1EC96 /* MenuEntity */ = {
			isa = PBXGroup;
			children = (
				3D1A360E29055D4B00C1EC96 /* MenuEntity.swift */,
			);
			path = MenuEntity;
			sourceTree = "<group>";
		};
		3D1A360829055CFE00C1EC96 /* MenuRouter */ = {
			isa = PBXGroup;
			children = (
				3D1A360C29055D4100C1EC96 /* MenuRouter.swift */,
			);
			path = MenuRouter;
			sourceTree = "<group>";
		};
		3D1A360929055D0400C1EC96 /* MenuView */ = {
			isa = PBXGroup;
			children = (
				3D1A360A29055D2800C1EC96 /* MenuViewController.swift */,
				3D1A3617290564B100C1EC96 /* MenuView.swift */,
				3D1A361929057C6800C1EC96 /* MenuCollectionViewCell.swift */,
				3D1A361A29057C6800C1EC96 /* MenuCollectionViewCell.xib */,
			);
			path = MenuView;
			sourceTree = "<group>";
		};
		3D3BBE0E2906AC8300EEECB4 /* Food */ = {
			isa = PBXGroup;
			children = (
				3D3BBE142906ACD700EEECB4 /* FoodPresenter */,
				3D3BBE132906ACCF00EEECB4 /* FoodEntity */,
				3D3BBE122906ACC300EEECB4 /* FoodInteractor */,
				3D3BBE112906ACBB00EEECB4 /* FoodRouter */,
				3D3BBE102906ACB200EEECB4 /* FoodProtocols */,
				3D3BBE0F2906AC8E00EEECB4 /* FoodView */,
			);
			path = Food;
			sourceTree = "<group>";
		};
		3D3BBE0F2906AC8E00EEECB4 /* FoodView */ = {
			isa = PBXGroup;
			children = (
				3D3BBE152906AD1700EEECB4 /* FoodView.swift */,
				3D3BBE172906AD2C00EEECB4 /* FoodViewController.swift */,
				3D8BB23C2906DFF00069905B /* EntityButton.xib 17-55-01-003.xib */,
			);
			path = FoodView;
			sourceTree = "<group>";
		};
		3D3BBE102906ACB200EEECB4 /* FoodProtocols */ = {
			isa = PBXGroup;
			children = (
				3D3BBE192906AD4A00EEECB4 /* FoodProtocols.swift */,
			);
			path = FoodProtocols;
			sourceTree = "<group>";
		};
		3D3BBE112906ACBB00EEECB4 /* FoodRouter */ = {
			isa = PBXGroup;
			children = (
				3D3BBE1B2906AD5400EEECB4 /* FoodRouter.swift */,
			);
			path = FoodRouter;
			sourceTree = "<group>";
		};
		3D3BBE122906ACC300EEECB4 /* FoodInteractor */ = {
			isa = PBXGroup;
			children = (
				3D3BBE1D2906AD5F00EEECB4 /* FoodInteractor.swift */,
			);
			path = FoodInteractor;
			sourceTree = "<group>";
		};
		3D3BBE132906ACCF00EEECB4 /* FoodEntity */ = {
			isa = PBXGroup;
			children = (
				3D3BBE1F2906AD6B00EEECB4 /* FoodEntity.swift */,
			);
			path = FoodEntity;
			sourceTree = "<group>";
		};
		3D3BBE142906ACD700EEECB4 /* FoodPresenter */ = {
			isa = PBXGroup;
			children = (
				3D3BBE222906AD7E00EEECB4 /* FoodPresenter.swift */,
			);
			path = FoodPresenter;
			sourceTree = "<group>";
		};
		3DA5B4BE2901641600F562AA /* Delegates */ = {
			isa = PBXGroup;
			children = (
				3DF40F492901620600E4B9D8 /* AppDelegate.swift */,
			);
			path = Delegates;
			sourceTree = "<group>";
		};
		3DA5B4BF2901641F00F562AA /* Plists */ = {
			isa = PBXGroup;
			children = (
				3DF40F572901620700E4B9D8 /* Info.plist */,
				3DF216282904310E0097EBB0 /* GoogleService-Info.plist */,
			);
			path = Plists;
			sourceTree = "<group>";
		};
		3DA5B4C02901642600F562AA /* Views */ = {
			isa = PBXGroup;
			children = (
				3DF40F542901620700E4B9D8 /* LaunchScreen.storyboard */,
			);
			path = Views;
			sourceTree = "<group>";
		};
		3DA5B4C12901643900F562AA /* Assets */ = {
			isa = PBXGroup;
			children = (
				3DE719C02902A6E300D1A2AE /* Fonts */,
				3DF40F522901620700E4B9D8 /* Assets.xcassets */,
			);
			path = Assets;
			sourceTree = "<group>";
		};
		3DA5B4C22901652A00F562AA /* View */ = {
			isa = PBXGroup;
			children = (
				3DF40F4D2901620600E4B9D8 /* AuthViewController.swift */,
				3DA5B4D92901825D00F562AA /* AuthView.swift */,
			);
			path = View;
			sourceTree = "<group>";
		};
		3DA5B4C32901653B00F562AA /* Presenter */ = {
			isa = PBXGroup;
			children = (
				3DA5B4D2290165D500F562AA /* AuthPresenter.swift */,
			);
			path = Presenter;
			sourceTree = "<group>";
		};
		3DA5B4C42901654200F562AA /* Interactor */ = {
			isa = PBXGroup;
			children = (
				3DA5B4D0290165C000F562AA /* AuthInteractor.swift */,
			);
			path = Interactor;
			sourceTree = "<group>";
		};
		3DA5B4C52901654900F562AA /* Router */ = {
			isa = PBXGroup;
			children = (
				3DA5B4CE290165B300F562AA /* AuthRouter.swift */,
			);
			path = Router;
			sourceTree = "<group>";
		};
		3DA5B4C62901655600F562AA /* Entity */ = {
			isa = PBXGroup;
			children = (
				3DA5B4CC290165A800F562AA /* AuthModel.swift */,
			);
			path = Entity;
			sourceTree = "<group>";
		};
		3DA5B4C72901655C00F562AA /* Protocols */ = {
			isa = PBXGroup;
			children = (
				3DA5B4C82901657E00F562AA /* AuthProtocols.swift */,
			);
			path = Protocols;
			sourceTree = "<group>";
		};
		3DE719C02902A6E300D1A2AE /* Fonts */ = {
			isa = PBXGroup;
			children = (
				3DA5B4E229019D6C00F562AA /* Mukta-Medium.ttf */,
				3DA5B4DD2901996F00F562AA /* Pacifico-Regular.ttf */,
			);
			path = Fonts;
			sourceTree = "<group>";
		};
		3DF40F3D2901620500E4B9D8 = {
			isa = PBXGroup;
			children = (
				3DF40F482901620600E4B9D8 /* Boca */,
				3DF40F472901620600E4B9D8 /* Products */,
			);
			sourceTree = "<group>";
		};
		3DF40F472901620600E4B9D8 /* Products */ = {
			isa = PBXGroup;
			children = (
				3DF40F462901620600E4B9D8 /* Boca.app */,
			);
			name = Products;
			sourceTree = "<group>";
		};
		3DF40F482901620600E4B9D8 /* Boca */ = {
			isa = PBXGroup;
			children = (
				3DF40F5E2901634B00E4B9D8 /* App */,
				3DF40F5F2901635000E4B9D8 /* Screens */,
			);
			path = Boca;
			sourceTree = "<group>";
		};
		3DF40F5D2901633600E4B9D8 /* Auth */ = {
			isa = PBXGroup;
			children = (
				3DA5B4C72901655C00F562AA /* Protocols */,
				3DA5B4C62901655600F562AA /* Entity */,
				3DA5B4C52901654900F562AA /* Router */,
				3DA5B4C42901654200F562AA /* Interactor */,
				3DA5B4C32901653B00F562AA /* Presenter */,
				3DA5B4C22901652A00F562AA /* View */,
			);
			path = Auth;
			sourceTree = "<group>";
		};
		3DF40F5E2901634B00E4B9D8 /* App */ = {
			isa = PBXGroup;
			children = (
				3DA5B4C12901643900F562AA /* Assets */,
				3DA5B4C02901642600F562AA /* Views */,
				3DA5B4BF2901641F00F562AA /* Plists */,
				3DA5B4BE2901641600F562AA /* Delegates */,
			);
			path = App;
			sourceTree = "<group>";
		};
		3DF40F5F2901635000E4B9D8 /* Screens */ = {
			isa = PBXGroup;
			children = (
				3D3BBE0E2906AC8300EEECB4 /* Food */,
				3D1A360329055C7F00C1EC96 /* Menu */,
				3DF40F5D2901633600E4B9D8 /* Auth */,
			);
			path = Screens;
			sourceTree = "<group>";
		};
/* End PBXGroup section */

/* Begin PBXNativeTarget section */
		3DF40F452901620600E4B9D8 /* Boca */ = {
			isa = PBXNativeTarget;
			buildConfigurationList = 3DF40F5A2901620700E4B9D8 /* Build configuration list for PBXNativeTarget "Boca" */;
			buildPhases = (
				3DF40F422901620600E4B9D8 /* Sources */,
				3DF40F432901620600E4B9D8 /* Frameworks */,
				3DF40F442901620600E4B9D8 /* Resources */,
			);
			buildRules = (
			);
			dependencies = (
			);
			name = Boca;
			packageProductDependencies = (
				3DA5B4D52901667000F562AA /* SnapKit */,
				3DE719C42902B6BF00D1A2AE /* GoogleSignIn */,
				3DF21620290420700097EBB0 /* FirebaseAnalytics */,
				3DF21622290420700097EBB0 /* FirebaseAuth */,
				3DF21624290420700097EBB0 /* FirebaseFirestore */,
				3DF21626290420700097EBB0 /* FirebaseStorage */,
				3DF2C00A2905BF3500D6ACF1 /* Alamofire */,
				3DF2C00D2905C91E00D6ACF1 /* Kingfisher */,
			);
			productName = Boca;
			productReference = 3DF40F462901620600E4B9D8 /* Boca.app */;
			productType = "com.apple.product-type.application";
		};
/* End PBXNativeTarget section */

/* Begin PBXProject section */
		3DF40F3E2901620500E4B9D8 /* Project object */ = {
			isa = PBXProject;
			attributes = {
				BuildIndependentTargetsInParallel = 1;
				LastSwiftUpdateCheck = 1400;
				LastUpgradeCheck = 1400;
				TargetAttributes = {
					3DF40F452901620600E4B9D8 = {
						CreatedOnToolsVersion = 14.0.1;
					};
				};
			};
			buildConfigurationList = 3DF40F412901620500E4B9D8 /* Build configuration list for PBXProject "Boca" */;
			compatibilityVersion = "Xcode 14.0";
			developmentRegion = en;
			hasScannedForEncodings = 0;
			knownRegions = (
				en,
				Base,
			);
			mainGroup = 3DF40F3D2901620500E4B9D8;
			packageReferences = (
				3DA5B4D42901667000F562AA /* XCRemoteSwiftPackageReference "SnapKit" */,
				3DE719C32902B6BF00D1A2AE /* XCRemoteSwiftPackageReference "GoogleSignIn-iOS" */,
				3DF2161F290420700097EBB0 /* XCRemoteSwiftPackageReference "firebase-ios-sdk" */,
				3DF2C0092905BF3500D6ACF1 /* XCRemoteSwiftPackageReference "Alamofire" */,
				3DF2C00C2905C91E00D6ACF1 /* XCRemoteSwiftPackageReference "Kingfisher" */,
			);
			productRefGroup = 3DF40F472901620600E4B9D8 /* Products */;
			projectDirPath = "";
			projectRoot = "";
			targets = (
				3DF40F452901620600E4B9D8 /* Boca */,
			);
		};
/* End PBXProject section */

/* Begin PBXResourcesBuildPhase section */
		3DF40F442901620600E4B9D8 /* Resources */ = {
			isa = PBXResourcesBuildPhase;
			buildActionMask = 2147483647;
			files = (
				3D1A361C29057C6800C1EC96 /* MenuCollectionViewCell.xib in Resources */,
				3DA5B4DE2901996F00F562AA /* Pacifico-Regular.ttf in Resources */,
				3DA5B4E329019D6C00F562AA /* Mukta-Medium.ttf in Resources */,
				3D8BB23D2906DFF00069905B /* EntityButton.xib 17-55-01-003.xib in Resources */,
				3DF40F562901620700E4B9D8 /* LaunchScreen.storyboard in Resources */,
				3DF40F532901620700E4B9D8 /* Assets.xcassets in Resources */,
				3DF21629290431100097EBB0 /* GoogleService-Info.plist in Resources */,
			);
			runOnlyForDeploymentPostprocessing = 0;
		};
/* End PBXResourcesBuildPhase section */

/* Begin PBXSourcesBuildPhase section */
		3DF40F422901620600E4B9D8 /* Sources */ = {
			isa = PBXSourcesBuildPhase;
			buildActionMask = 2147483647;
			files = (
				3D1A361229055D7200C1EC96 /* MenuProtocols.swift in Sources */,
				3DA5B4D3290165D500F562AA /* AuthPresenter.swift in Sources */,
				3D1A360F29055D4B00C1EC96 /* MenuEntity.swift in Sources */,
				3D1A361B29057C6800C1EC96 /* MenuCollectionViewCell.swift in Sources */,
				3D3BBE182906AD2C00EEECB4 /* FoodViewController.swift in Sources */,
				3DF40F4E2901620600E4B9D8 /* AuthViewController.swift in Sources */,
				3DA5B4C92901657E00F562AA /* AuthProtocols.swift in Sources */,
				3D1A360D29055D4100C1EC96 /* MenuRouter.swift in Sources */,
				3D3BBE1E2906AD5F00EEECB4 /* FoodInteractor.swift in Sources */,
				3D3BBE1C2906AD5400EEECB4 /* FoodRouter.swift in Sources */,
				3DA5B4D1290165C000F562AA /* AuthInteractor.swift in Sources */,
				3D3BBE162906AD1700EEECB4 /* FoodView.swift in Sources */,
				3D3BBE232906AD7E00EEECB4 /* FoodPresenter.swift in Sources */,
				3D3BBE202906AD6B00EEECB4 /* FoodEntity.swift in Sources */,
				3D1A361629055D9000C1EC96 /* MenuInteractor.swift in Sources */,
				3D1A360B29055D2800C1EC96 /* MenuViewController.swift in Sources */,
				3DF40F4A2901620600E4B9D8 /* AppDelegate.swift in Sources */,
				3D1A3618290564B100C1EC96 /* MenuView.swift in Sources */,
				3DA5B4CF290165B300F562AA /* AuthRouter.swift in Sources */,
				3D3BBE1A2906AD4A00EEECB4 /* FoodProtocols.swift in Sources */,
				3DA5B4CD290165A800F562AA /* AuthModel.swift in Sources */,
				3D1A361429055D8300C1EC96 /* MenuPresenter.swift in Sources */,
				3DA5B4DA2901825D00F562AA /* AuthView.swift in Sources */,
			);
			runOnlyForDeploymentPostprocessing = 0;
		};
/* End PBXSourcesBuildPhase section */

/* Begin PBXVariantGroup section */
		3DF40F542901620700E4B9D8 /* LaunchScreen.storyboard */ = {
			isa = PBXVariantGroup;
			children = (
				3DF40F552901620700E4B9D8 /* Base */,
			);
			name = LaunchScreen.storyboard;
			sourceTree = "<group>";
		};
/* End PBXVariantGroup section */

/* Begin XCBuildConfiguration section */
		3DF40F582901620700E4B9D8 /* Debug */ = {
			isa = XCBuildConfiguration;
			buildSettings = {
				ALWAYS_SEARCH_USER_PATHS = NO;
				CLANG_ANALYZER_NONNULL = YES;
				CLANG_ANALYZER_NUMBER_OBJECT_CONVERSION = YES_AGGRESSIVE;
				CLANG_CXX_LANGUAGE_STANDARD = "gnu++20";
				CLANG_ENABLE_MODULES = YES;
				CLANG_ENABLE_OBJC_ARC = YES;
				CLANG_ENABLE_OBJC_WEAK = YES;
				CLANG_WARN_BLOCK_CAPTURE_AUTORELEASING = YES;
				CLANG_WARN_BOOL_CONVERSION = YES;
				CLANG_WARN_COMMA = YES;
				CLANG_WARN_CONSTANT_CONVERSION = YES;
				CLANG_WARN_DEPRECATED_OBJC_IMPLEMENTATIONS = YES;
				CLANG_WARN_DIRECT_OBJC_ISA_USAGE = YES_ERROR;
				CLANG_WARN_DOCUMENTATION_COMMENTS = YES;
				CLANG_WARN_EMPTY_BODY = YES;
				CLANG_WARN_ENUM_CONVERSION = YES;
				CLANG_WARN_INFINITE_RECURSION = YES;
				CLANG_WARN_INT_CONVERSION = YES;
				CLANG_WARN_NON_LITERAL_NULL_CONVERSION = YES;
				CLANG_WARN_OBJC_IMPLICIT_RETAIN_SELF = YES;
				CLANG_WARN_OBJC_LITERAL_CONVERSION = YES;
				CLANG_WARN_OBJC_ROOT_CLASS = YES_ERROR;
				CLANG_WARN_QUOTED_INCLUDE_IN_FRAMEWORK_HEADER = YES;
				CLANG_WARN_RANGE_LOOP_ANALYSIS = YES;
				CLANG_WARN_STRICT_PROTOTYPES = YES;
				CLANG_WARN_SUSPICIOUS_MOVE = YES;
				CLANG_WARN_UNGUARDED_AVAILABILITY = YES_AGGRESSIVE;
				CLANG_WARN_UNREACHABLE_CODE = YES;
				CLANG_WARN__DUPLICATE_METHOD_MATCH = YES;
				COPY_PHASE_STRIP = NO;
				DEBUG_INFORMATION_FORMAT = dwarf;
				ENABLE_STRICT_OBJC_MSGSEND = YES;
				ENABLE_TESTABILITY = YES;
				GCC_C_LANGUAGE_STANDARD = gnu11;
				GCC_DYNAMIC_NO_PIC = NO;
				GCC_NO_COMMON_BLOCKS = YES;
				GCC_OPTIMIZATION_LEVEL = 0;
				GCC_PREPROCESSOR_DEFINITIONS = (
					"DEBUG=1",
					"$(inherited)",
				);
				GCC_WARN_64_TO_32_BIT_CONVERSION = YES;
				GCC_WARN_ABOUT_RETURN_TYPE = YES_ERROR;
				GCC_WARN_UNDECLARED_SELECTOR = YES;
				GCC_WARN_UNINITIALIZED_AUTOS = YES_AGGRESSIVE;
				GCC_WARN_UNUSED_FUNCTION = YES;
				GCC_WARN_UNUSED_VARIABLE = YES;
				IPHONEOS_DEPLOYMENT_TARGET = 16.0;
				MTL_ENABLE_DEBUG_INFO = INCLUDE_SOURCE;
				MTL_FAST_MATH = YES;
				ONLY_ACTIVE_ARCH = YES;
				SDKROOT = iphoneos;
				SWIFT_ACTIVE_COMPILATION_CONDITIONS = DEBUG;
				SWIFT_OPTIMIZATION_LEVEL = "-Onone";
			};
			name = Debug;
		};
		3DF40F592901620700E4B9D8 /* Release */ = {
			isa = XCBuildConfiguration;
			buildSettings = {
				ALWAYS_SEARCH_USER_PATHS = NO;
				CLANG_ANALYZER_NONNULL = YES;
				CLANG_ANALYZER_NUMBER_OBJECT_CONVERSION = YES_AGGRESSIVE;
				CLANG_CXX_LANGUAGE_STANDARD = "gnu++20";
				CLANG_ENABLE_MODULES = YES;
				CLANG_ENABLE_OBJC_ARC = YES;
				CLANG_ENABLE_OBJC_WEAK = YES;
				CLANG_WARN_BLOCK_CAPTURE_AUTORELEASING = YES;
				CLANG_WARN_BOOL_CONVERSION = YES;
				CLANG_WARN_COMMA = YES;
				CLANG_WARN_CONSTANT_CONVERSION = YES;
				CLANG_WARN_DEPRECATED_OBJC_IMPLEMENTATIONS = YES;
				CLANG_WARN_DIRECT_OBJC_ISA_USAGE = YES_ERROR;
				CLANG_WARN_DOCUMENTATION_COMMENTS = YES;
				CLANG_WARN_EMPTY_BODY = YES;
				CLANG_WARN_ENUM_CONVERSION = YES;
				CLANG_WARN_INFINITE_RECURSION = YES;
				CLANG_WARN_INT_CONVERSION = YES;
				CLANG_WARN_NON_LITERAL_NULL_CONVERSION = YES;
				CLANG_WARN_OBJC_IMPLICIT_RETAIN_SELF = YES;
				CLANG_WARN_OBJC_LITERAL_CONVERSION = YES;
				CLANG_WARN_OBJC_ROOT_CLASS = YES_ERROR;
				CLANG_WARN_QUOTED_INCLUDE_IN_FRAMEWORK_HEADER = YES;
				CLANG_WARN_RANGE_LOOP_ANALYSIS = YES;
				CLANG_WARN_STRICT_PROTOTYPES = YES;
				CLANG_WARN_SUSPICIOUS_MOVE = YES;
				CLANG_WARN_UNGUARDED_AVAILABILITY = YES_AGGRESSIVE;
				CLANG_WARN_UNREACHABLE_CODE = YES;
				CLANG_WARN__DUPLICATE_METHOD_MATCH = YES;
				COPY_PHASE_STRIP = NO;
				DEBUG_INFORMATION_FORMAT = "dwarf-with-dsym";
				ENABLE_NS_ASSERTIONS = NO;
				ENABLE_STRICT_OBJC_MSGSEND = YES;
				GCC_C_LANGUAGE_STANDARD = gnu11;
				GCC_NO_COMMON_BLOCKS = YES;
				GCC_WARN_64_TO_32_BIT_CONVERSION = YES;
				GCC_WARN_ABOUT_RETURN_TYPE = YES_ERROR;
				GCC_WARN_UNDECLARED_SELECTOR = YES;
				GCC_WARN_UNINITIALIZED_AUTOS = YES_AGGRESSIVE;
				GCC_WARN_UNUSED_FUNCTION = YES;
				GCC_WARN_UNUSED_VARIABLE = YES;
				IPHONEOS_DEPLOYMENT_TARGET = 16.0;
				MTL_ENABLE_DEBUG_INFO = NO;
				MTL_FAST_MATH = YES;
				SDKROOT = iphoneos;
				SWIFT_COMPILATION_MODE = wholemodule;
				SWIFT_OPTIMIZATION_LEVEL = "-O";
				VALIDATE_PRODUCT = YES;
			};
			name = Release;
		};
		3DF40F5B2901620700E4B9D8 /* Debug */ = {
			isa = XCBuildConfiguration;
			buildSettings = {
				ASSETCATALOG_COMPILER_APPICON_NAME = AppIcon;
				ASSETCATALOG_COMPILER_GLOBAL_ACCENT_COLOR_NAME = AccentColor;
				CODE_SIGN_STYLE = Automatic;
				CURRENT_PROJECT_VERSION = 1;
				DEVELOPMENT_TEAM = TU2682LVXY;
				GENERATE_INFOPLIST_FILE = YES;
				INFOPLIST_FILE = Boca/App/Plists/Info.plist;
				INFOPLIST_KEY_UIApplicationSupportsIndirectInputEvents = YES;
				INFOPLIST_KEY_UILaunchStoryboardName = LaunchScreen;
				INFOPLIST_KEY_UISupportedInterfaceOrientations_iPad = "UIInterfaceOrientationPortrait UIInterfaceOrientationPortraitUpsideDown UIInterfaceOrientationLandscapeLeft UIInterfaceOrientationLandscapeRight";
				INFOPLIST_KEY_UISupportedInterfaceOrientations_iPhone = "UIInterfaceOrientationPortrait UIInterfaceOrientationLandscapeLeft UIInterfaceOrientationLandscapeRight";
				LD_RUNPATH_SEARCH_PATHS = (
					"$(inherited)",
					"@executable_path/Frameworks",
				);
				MARKETING_VERSION = 1.0;
				PRODUCT_BUNDLE_IDENTIFIER = com.abdullahayan.Boca;
				PRODUCT_NAME = "$(TARGET_NAME)";
				SWIFT_EMIT_LOC_STRINGS = YES;
				SWIFT_VERSION = 5.0;
				TARGETED_DEVICE_FAMILY = "1,2";
			};
			name = Debug;
		};
		3DF40F5C2901620700E4B9D8 /* Release */ = {
			isa = XCBuildConfiguration;
			buildSettings = {
				ASSETCATALOG_COMPILER_APPICON_NAME = AppIcon;
				ASSETCATALOG_COMPILER_GLOBAL_ACCENT_COLOR_NAME = AccentColor;
				CODE_SIGN_STYLE = Automatic;
				CURRENT_PROJECT_VERSION = 1;
				DEVELOPMENT_TEAM = TU2682LVXY;
				GENERATE_INFOPLIST_FILE = YES;
				INFOPLIST_FILE = Boca/App/Plists/Info.plist;
				INFOPLIST_KEY_UIApplicationSupportsIndirectInputEvents = YES;
				INFOPLIST_KEY_UILaunchStoryboardName = LaunchScreen;
				INFOPLIST_KEY_UISupportedInterfaceOrientations_iPad = "UIInterfaceOrientationPortrait UIInterfaceOrientationPortraitUpsideDown UIInterfaceOrientationLandscapeLeft UIInterfaceOrientationLandscapeRight";
				INFOPLIST_KEY_UISupportedInterfaceOrientations_iPhone = "UIInterfaceOrientationPortrait UIInterfaceOrientationLandscapeLeft UIInterfaceOrientationLandscapeRight";
				LD_RUNPATH_SEARCH_PATHS = (
					"$(inherited)",
					"@executable_path/Frameworks",
				);
				MARKETING_VERSION = 1.0;
				PRODUCT_BUNDLE_IDENTIFIER = com.abdullahayan.Boca;
				PRODUCT_NAME = "$(TARGET_NAME)";
				SWIFT_EMIT_LOC_STRINGS = YES;
				SWIFT_VERSION = 5.0;
				TARGETED_DEVICE_FAMILY = "1,2";
			};
			name = Release;
		};
/* End XCBuildConfiguration section */

/* Begin XCConfigurationList section */
		3DF40F412901620500E4B9D8 /* Build configuration list for PBXProject "Boca" */ = {
			isa = XCConfigurationList;
			buildConfigurations = (
				3DF40F582901620700E4B9D8 /* Debug */,
				3DF40F592901620700E4B9D8 /* Release */,
			);
			defaultConfigurationIsVisible = 0;
			defaultConfigurationName = Release;
		};
		3DF40F5A2901620700E4B9D8 /* Build configuration list for PBXNativeTarget "Boca" */ = {
			isa = XCConfigurationList;
			buildConfigurations = (
				3DF40F5B2901620700E4B9D8 /* Debug */,
				3DF40F5C2901620700E4B9D8 /* Release */,
			);
			defaultConfigurationIsVisible = 0;
			defaultConfigurationName = Release;
		};
/* End XCConfigurationList section */

/* Begin XCRemoteSwiftPackageReference section */
		3DA5B4D42901667000F562AA /* XCRemoteSwiftPackageReference "SnapKit" */ = {
			isa = XCRemoteSwiftPackageReference;
			repositoryURL = "https://github.com/SnapKit/SnapKit.git";
			requirement = {
				kind = upToNextMajorVersion;
				minimumVersion = 5.0.0;
			};
		};
		3DE719C32902B6BF00D1A2AE /* XCRemoteSwiftPackageReference "GoogleSignIn-iOS" */ = {
			isa = XCRemoteSwiftPackageReference;
			repositoryURL = "https://github.com/google/GoogleSignIn-iOS";
			requirement = {
				kind = upToNextMajorVersion;
				minimumVersion = 6.0.0;
			};
		};
		3DF2161F290420700097EBB0 /* XCRemoteSwiftPackageReference "firebase-ios-sdk" */ = {
			isa = XCRemoteSwiftPackageReference;
			repositoryURL = "https://github.com/firebase/firebase-ios-sdk";
			requirement = {
				kind = upToNextMajorVersion;
				minimumVersion = 9.0.0;
			};
		};
		3DF2C0092905BF3500D6ACF1 /* XCRemoteSwiftPackageReference "Alamofire" */ = {
			isa = XCRemoteSwiftPackageReference;
			repositoryURL = "https://github.com/Alamofire/Alamofire.git";
			requirement = {
				kind = upToNextMajorVersion;
				minimumVersion = 5.0.0;
			};
		};
		3DF2C00C2905C91E00D6ACF1 /* XCRemoteSwiftPackageReference "Kingfisher" */ = {
			isa = XCRemoteSwiftPackageReference;
			repositoryURL = "https://github.com/onevcat/Kingfisher.git";
			requirement = {
				kind = upToNextMajorVersion;
				minimumVersion = 7.0.0;
			};
		};
/* End XCRemoteSwiftPackageReference section */

/* Begin XCSwiftPackageProductDependency section */
		3DA5B4D52901667000F562AA /* SnapKit */ = {
			isa = XCSwiftPackageProductDependency;
			package = 3DA5B4D42901667000F562AA /* XCRemoteSwiftPackageReference "SnapKit" */;
			productName = SnapKit;
		};
		3DE719C42902B6BF00D1A2AE /* GoogleSignIn */ = {
			isa = XCSwiftPackageProductDependency;
			package = 3DE719C32902B6BF00D1A2AE /* XCRemoteSwiftPackageReference "GoogleSignIn-iOS" */;
			productName = GoogleSignIn;
		};
		3DF21620290420700097EBB0 /* FirebaseAnalytics */ = {
			isa = XCSwiftPackageProductDependency;
			package = 3DF2161F290420700097EBB0 /* XCRemoteSwiftPackageReference "firebase-ios-sdk" */;
			productName = FirebaseAnalytics;
		};
		3DF21622290420700097EBB0 /* FirebaseAuth */ = {
			isa = XCSwiftPackageProductDependency;
			package = 3DF2161F290420700097EBB0 /* XCRemoteSwiftPackageReference "firebase-ios-sdk" */;
			productName = FirebaseAuth;
		};
		3DF21624290420700097EBB0 /* FirebaseFirestore */ = {
			isa = XCSwiftPackageProductDependency;
			package = 3DF2161F290420700097EBB0 /* XCRemoteSwiftPackageReference "firebase-ios-sdk" */;
			productName = FirebaseFirestore;
		};
		3DF21626290420700097EBB0 /* FirebaseStorage */ = {
			isa = XCSwiftPackageProductDependency;
			package = 3DF2161F290420700097EBB0 /* XCRemoteSwiftPackageReference "firebase-ios-sdk" */;
			productName = FirebaseStorage;
		};
		3DF2C00A2905BF3500D6ACF1 /* Alamofire */ = {
			isa = XCSwiftPackageProductDependency;
			package = 3DF2C0092905BF3500D6ACF1 /* XCRemoteSwiftPackageReference "Alamofire" */;
			productName = Alamofire;
		};
		3DF2C00D2905C91E00D6ACF1 /* Kingfisher */ = {
			isa = XCSwiftPackageProductDependency;
			package = 3DF2C00C2905C91E00D6ACF1 /* XCRemoteSwiftPackageReference "Kingfisher" */;
			productName = Kingfisher;
		};
/* End XCSwiftPackageProductDependency section */
	};
	rootObject = 3DF40F3E2901620500E4B9D8 /* Project object */;
}
